# This file is generated by running "yarn install" inside your project.
# Manual changes might be lost - proceed with caution!

__metadata:
  version: 4
  cacheKey: 7

"@discordjs/collection@npm:^0.1.6":
  version: 0.1.6
  resolution: "@discordjs/collection@npm:0.1.6"
  checksum: da87faf9975e9320a4aa5e8a78312849e4767eb5b0c3348612a0f2d07b5bad4bb91c8c65a5a8ffecc007574c5eebd4790d2e13880af6fd2ae865ba3161495f9a
  languageName: node
  linkType: hard

"@discordjs/form-data@npm:^3.0.1":
  version: 3.0.1
  resolution: "@discordjs/form-data@npm:3.0.1"
  dependencies:
    asynckit: ^0.4.0
    combined-stream: ^1.0.8
    mime-types: ^2.1.12
  checksum: 2ddf4c9bba170ea325cabae28d8d4f3e2e132a4eded64d242dbaafb514d0109c338a18bd0cab4d3464dca8f2da1c6ddc870ef96b89d7b5ed16f155cd171bf1a4
  languageName: node
  linkType: hard

"@types/glob@npm:^7":
  version: 7.1.3
  resolution: "@types/glob@npm:7.1.3"
  dependencies:
    "@types/minimatch": "*"
    "@types/node": "*"
  checksum: 633bf1dda9a30899b233ed6b97c75cdd59f2ee856a12240c85474ce6889e26b3b3520b62de56f6bb61824af0ef51b311a0cae305f27ba0de8ddc4898a3673d42
  languageName: node
  linkType: hard

"@types/minimatch@npm:*":
  version: 3.0.3
  resolution: "@types/minimatch@npm:3.0.3"
  checksum: 672ccdac197e8176eed1a9441d0caf8a29a90eb139b1cefdd4c9e71b1c48f5c749f5d101a2d85da15c6259214ebda95072835021407d60330a731a2672964b82
  languageName: node
  linkType: hard

"@types/node@npm:*, @types/node@npm:^14.14.22":
  version: 14.14.22
  resolution: "@types/node@npm:14.14.22"
  checksum: e46e32685b4d0261779c13c10ba3ff220cfa714b5c12f8f571fd52cc309546bdbc8ffc86cbad20559ad88e7b17e66fc51c98b067d8c3766597092c05df157b9b
  languageName: node
  linkType: hard

"abort-controller@npm:^3.0.0":
  version: 3.0.0
  resolution: "abort-controller@npm:3.0.0"
  dependencies:
    event-target-shim: ^5.0.0
  checksum: cc53ad8df9a6de3f55d4f804fca5106908f855e47b572fb5ab3cdd723b76374686dcefa557a2f87d4396db77e31bc0e6ce9d48637388cef6d884c29ad2691448
  languageName: node
  linkType: hard

"asynckit@npm:^0.4.0":
  version: 0.4.0
  resolution: "asynckit@npm:0.4.0"
  checksum: a024000b9ddd938e2f27b3cb8188f96a5e1fff58185e98b84862fc4e01de279a547874a800340c2b106bb9de9b0fc61c6c683bc6892abf65e6be29a96addafd3
  languageName: node
  linkType: hard

"balanced-match@npm:^1.0.0":
  version: 1.0.0
  resolution: "balanced-match@npm:1.0.0"
  checksum: f515a605fe1b59f476f7477c5e1d53ad55b4f42982fca1d57b6701906f4ad1f1ac90fd6587d92cc1af2edb43eecf979214dd847ee410a6de9db4ebf0dd128d62
  languageName: node
  linkType: hard

"blocktrap@workspace:.":
  version: 0.0.0-use.local
  resolution: "blocktrap@workspace:."
  dependencies:
    "@types/glob": ^7
    "@types/node": ^14.14.22
    consola: ^2.15.1
    discord-akairo: "github:1Computer1/discord-akairo"
    discord.js: ^12.5.1
    glob: ^7.1.6
  languageName: unknown
  linkType: soft

"brace-expansion@npm:^1.1.7":
  version: 1.1.11
  resolution: "brace-expansion@npm:1.1.11"
  dependencies:
    balanced-match: ^1.0.0
    concat-map: 0.0.1
  checksum: 4c878e25e4858baf801945dfd63eb68feab2e502cf1122f25f3915c0e3bf397af3a93ff6bef0798db41c0d81ef28c08e55daac38058710f749a3b96eee6b8f40
  languageName: node
  linkType: hard

"combined-stream@npm:^1.0.8":
  version: 1.0.8
  resolution: "combined-stream@npm:1.0.8"
  dependencies:
    delayed-stream: ~1.0.0
  checksum: 5791ce7944530f0db74a97e77ea28b6fdbf89afcf038e41d6b4195019c4c803cd19ed2905a54959e5b3830d50bd5d6f93c681c6d3aaea8614ad43b48e62e9d65
  languageName: node
  linkType: hard

"concat-map@npm:0.0.1":
  version: 0.0.1
  resolution: "concat-map@npm:0.0.1"
  checksum: 554e28d9ee5aa6e061795473ee092cb3d3a2cbdb76c35416e0bb6e03f136d7d07676da387b2ed0ec4106cedbb6534080d9abc48ecc4a92b76406cf2d0c3c0c4b
  languageName: node
  linkType: hard

"consola@npm:^2.15.1":
  version: 2.15.1
  resolution: "consola@npm:2.15.1"
  checksum: d3b70570aa232c8b0e09cecff87eed25d3ad5113025a3e9545cebbefdce634208e5deb5aa251c5376a06c920e3049876d3992369d4f48f649a81fef3ade0867c
  languageName: node
  linkType: hard

"delayed-stream@npm:~1.0.0":
  version: 1.0.0
  resolution: "delayed-stream@npm:1.0.0"
  checksum: d9dfb0a7c79fd308fada9db2cf29d1ff22047ceb50dd78f7e3c173567909b438f418259cb76a6d9c9f513e88ef41d3a14154f618741ec8368c3efeff616d0c9f
  languageName: node
  linkType: hard

"discord-akairo@github:1Computer1/discord-akairo":
  version: 8.1.0
  resolution: "discord-akairo@https://github.com/1Computer1/discord-akairo.git#commit=29810b9e5d5cd804c649948ad60e5f2ac3897141"
  checksum: 0f36582acf1267ad5ff04780adc6ba5f3af19dd39c837deda7c9705725e3e2595b0708b98a08fd3022a0164b93c5b28043a662891dfb86a44f19db78f9924afe
  languageName: node
  linkType: hard

"discord.js@npm:^12.5.1":
  version: 12.5.1
  resolution: "discord.js@npm:12.5.1"
  dependencies:
    "@discordjs/collection": ^0.1.6
    "@discordjs/form-data": ^3.0.1
    abort-controller: ^3.0.0
    node-fetch: ^2.6.1
    prism-media: ^1.2.2
    setimmediate: ^1.0.5
    tweetnacl: ^1.0.3
    ws: ^7.3.1
  checksum: 18850040f3b945b0d60a89ea38df31d1abcca2879abc171b3a44d0b9ce163e0ad0a0119e0e417630cf56609483af6c4b5235f77cc84ae1bee0a2869aff25fae3
  languageName: node
  linkType: hard

"event-target-shim@npm:^5.0.0":
  version: 5.0.1
  resolution: "event-target-shim@npm:5.0.1"
  checksum: d176477a31adf328ff50148886e46cef3f61ff8bdc1d6db161f6b3ead2501085d5652a81fab8dddc59aed93727231c0b5c8a0948de77ae401b2d977a3d18329e
  languageName: node
  linkType: hard

"fs.realpath@npm:^1.0.0":
  version: 1.0.0
  resolution: "fs.realpath@npm:1.0.0"
  checksum: 698a91b1695e3926185c9e5b0dd57cf687dceb4eb73799af91e6b2ab741735e2962c366c5af6403ffddae2619914193bd339efa706fdc984d0ffc74b7a3603f4
  languageName: node
  linkType: hard

"glob@npm:^7.1.6":
  version: 7.1.6
  resolution: "glob@npm:7.1.6"
  dependencies:
    fs.realpath: ^1.0.0
    inflight: ^1.0.4
    inherits: 2
    minimatch: ^3.0.4
    once: ^1.3.0
    path-is-absolute: ^1.0.0
  checksum: 789977b52432865bd63846da5c75a6efc2c56abdc0cb5ffcdb8e91eeb67a58fa5594c1195d18b2b4aff99675b0739ed6bd61024b26562e0cca18c8f993efdc82
  languageName: node
  linkType: hard

"inflight@npm:^1.0.4":
  version: 1.0.6
  resolution: "inflight@npm:1.0.6"
  dependencies:
    once: ^1.3.0
    wrappy: 1
  checksum: 17c53fc42cbe7f7f471d2bc41b97a0cde4b79a74d5ff59997d3f75210566fa278e17596da526d43de2bd07e222706240ce50e60097e54f2cde2e64cbbb372638
  languageName: node
  linkType: hard

"inherits@npm:2":
  version: 2.0.4
  resolution: "inherits@npm:2.0.4"
  checksum: 98426da247ddfc3dcd7d7daedd90c3ca32d5b08deca08949726f12d49232aef94772a07b36cf4ff833e105ae2ef931777f6de4a6dd8245a216b9299ad4a50bea
  languageName: node
  linkType: hard

"mime-db@npm:1.45.0":
  version: 1.45.0
  resolution: "mime-db@npm:1.45.0"
  checksum: 86701c54f748c72a5c05c16f881cdfa01db44a61e52f4cef3d872b5f3e4a3c4186c28df7a5fec31debc9bee42d5afc9b86ff8ff3d3eaf1440f07140b94a33d4a
  languageName: node
  linkType: hard

"mime-types@npm:^2.1.12":
  version: 2.1.28
  resolution: "mime-types@npm:2.1.28"
  dependencies:
    mime-db: 1.45.0
  checksum: 89d14a1af2be7f3c9682d1af98f422addce894b9c3ed1e67acb6e59e4c910c58a3586db686d894b47708d07c2ae76de4246b66dc4a7d698b0d1bd761c309bb92
  languageName: node
  linkType: hard

"minimatch@npm:^3.0.4":
  version: 3.0.4
  resolution: "minimatch@npm:3.0.4"
  dependencies:
    brace-expansion: ^1.1.7
  checksum: 47eab9263962cacd5733e274ecad2d8e54b0f8e124ba35ae69189e296058f634a4967b87a98954f86fa5c830ff177caf827ce0136d28717ed3232951fb4fae62
  languageName: node
  linkType: hard

"node-fetch@npm:^2.6.1":
  version: 2.6.1
  resolution: "node-fetch@npm:2.6.1"
  checksum: cbb171635e538162b977eac5dfe7a1e07a9a02e991924377a6435502291e2f823d306b95aabc455caebf4a118ccf836868462bc70ccc3095af02bb9da61fda37
  languageName: node
  linkType: hard

"once@npm:^1.3.0":
  version: 1.4.0
  resolution: "once@npm:1.4.0"
  dependencies:
    wrappy: 1
  checksum: 57afc246536cf6494437f982b26475f22bee860f8b77ce8eb1543f42a8bffe04b2c66ddfea9a16cb25ccb80943f8ee4fc639367ef97b7a6a4f2672eb573963f5
  languageName: node
  linkType: hard

"path-is-absolute@npm:^1.0.0":
  version: 1.0.1
  resolution: "path-is-absolute@npm:1.0.1"
  checksum: 907e1e3e6ac0aef6e65adffd75b3892191d76a5b94c5cf26b43667c4240531d11872ca6979c209b2e5e1609f7f579d02f64ba9936b48bb59d36cc529f0d965ed
  languageName: node
  linkType: hard

"prism-media@npm:^1.2.2":
  version: 1.2.3
  resolution: "prism-media@npm:1.2.3"
  peerDependencies:
    "@discordjs/opus": ^0.3.3
    ffmpeg-static: ^4.2.7 || ^3.0.0 || ^2.4.0
    node-opus: ^0.3.3
    opusscript: ^0.0.7
  peerDependenciesMeta:
    "@discordjs/opus":
      optional: true
    ffmpeg-static:
      optional: true
    node-opus:
      optional: true
    opusscript:
      optional: true
  checksum: 337cfb80dba36ffb96989b3b6832cf1e46b0706da73ebb3d3de6a6d1429302e318961ee5cc048ea3e997c23c543e950d08a20a89cadc84ec37b2b0a856946397
  languageName: node
  linkType: hard

"setimmediate@npm:^1.0.5":
  version: 1.0.5
  resolution: "setimmediate@npm:1.0.5"
  checksum: 87884d8add4779fe47ccf763396a5bf875640ae34d80a10802da4de5c25d87647c12f6e7748fd5b8c143b57201caf2a5a781631456c228825f166ca305c12f20
  languageName: node
  linkType: hard

"tweetnacl@npm:^1.0.3":
  version: 1.0.3
  resolution: "tweetnacl@npm:1.0.3"
  checksum: 1188f3ef85db04d6dba632d211e481ae0a5805974491633ff60bd56ae3362312dfea1515e0d200685867b69ff212e8778e26923f8203e3c335064b07f620a6c7
  languageName: node
  linkType: hard

"wrappy@npm:1":
  version: 1.0.2
  resolution: "wrappy@npm:1.0.2"
  checksum: 519fcda0fcdf0c16327be2de9d98646742307bc830277e8868529fcf7566f2b330a6453c233e0cdcb767d5838dd61a90984a02ecc983bcddebea5ad0833bbf98
  languageName: node
  linkType: hard

"ws@npm:^7.3.1":
  version: 7.4.3
  resolution: "ws@npm:7.4.3"
  peerDependencies:
    bufferutil: ^4.0.1
    utf-8-validate: ^5.0.2
  peerDependenciesMeta:
    bufferutil:
      optional: true
    utf-8-validate:
      optional: true
  checksum: 493655b7c4589d09ff3c2b6e8870b9ad7f7aea0aff34034e2dbb9a2e13f6868a47b06b423bc2365aec6143500b04ad24fdaecfbd9a6752f8eab2d339182c9884
  languageName: node
  linkType: hard
